<?xml version="1.0" encoding="utf-8"?>
<Project ToolsVersion="4.0" xmlns="http://schemas.microsoft.com/developer/msbuild/2003">
  <ItemGroup>
    <ClCompile Include="Source\Log.cpp">
      <Filter>Utils</Filter>
    </ClCompile>
    <ClCompile Include="Source\External\PugiXml\src\pugixml.cpp">
      <Filter>External\PugiXml</Filter>
    </ClCompile>
    <ClCompile Include="Source\Player.cpp">
      <Filter>Entities\Player</Filter>
    </ClCompile>
    <ClCompile Include="Source\App.cpp">
      <Filter>Core</Filter>
    </ClCompile>
    <ClCompile Include="Source\Main.cpp">
      <Filter>Core</Filter>
    </ClCompile>
    <ClCompile Include="Source\LogoScene.cpp">
      <Filter>Scenes</Filter>
    </ClCompile>
    <ClCompile Include="Source\FadeToBlack.cpp">
      <Filter>Scenes</Filter>
    </ClCompile>
    <ClCompile Include="Source\Scene.cpp">
      <Filter>Scenes</Filter>
    </ClCompile>
    <ClCompile Include="Source\Audio.cpp">
      <Filter>Modules</Filter>
    </ClCompile>
    <ClCompile Include="Source\EntityManager.cpp">
      <Filter>Modules</Filter>
    </ClCompile>
    <ClCompile Include="Source\Input.cpp">
      <Filter>Modules</Filter>
    </ClCompile>
    <ClCompile Include="Source\Map.cpp">
      <Filter>Modules</Filter>
    </ClCompile>
    <ClCompile Include="Source\Physics.cpp">
      <Filter>Modules</Filter>
    </ClCompile>
    <ClCompile Include="Source\Render.cpp">
      <Filter>Modules</Filter>
    </ClCompile>
    <ClCompile Include="Source\Textures.cpp">
      <Filter>Modules</Filter>
    </ClCompile>
    <ClCompile Include="Source\Window.cpp">
      <Filter>Modules</Filter>
    </ClCompile>
    <ClCompile Include="Source\Item.cpp">
      <Filter>Entities\Pickups</Filter>
    </ClCompile>
    <ClCompile Include="Source\Pathfinding.cpp">
      <Filter>Modules</Filter>
    </ClCompile>
    <ClCompile Include="Source\TitleScene.cpp">
      <Filter>Scenes</Filter>
    </ClCompile>
    <ClCompile Include="Source\Bullet.cpp">
      <Filter>Entities\Player</Filter>
    </ClCompile>
    <ClCompile Include="Source\EnemyAir.cpp">
      <Filter>Entities\Enemies</Filter>
    </ClCompile>
    <ClCompile Include="Source\EnemyFloor.cpp">
      <Filter>Entities\Enemies</Filter>
    </ClCompile>
    <ClCompile Include="Source\Animation.cpp">
      <Filter>Containers</Filter>
    </ClCompile>
  </ItemGroup>
  <ItemGroup>
    <ClInclude Include="Source\Defs.h">
      <Filter>Utils</Filter>
    </ClInclude>
    <ClInclude Include="Source\DynArray.h">
      <Filter>Utils</Filter>
    </ClInclude>
    <ClInclude Include="Source\List.h">
      <Filter>Utils</Filter>
    </ClInclude>
    <ClInclude Include="Source\Log.h">
      <Filter>Utils</Filter>
    </ClInclude>
    <ClInclude Include="Source\Point.h">
      <Filter>Utils</Filter>
    </ClInclude>
    <ClInclude Include="Source\SString.h">
      <Filter>Utils</Filter>
    </ClInclude>
    <ClInclude Include="Source\External\PugiXml\src\pugiconfig.hpp">
      <Filter>External\PugiXml</Filter>
    </ClInclude>
    <ClInclude Include="Source\External\PugiXml\src\pugixml.hpp">
      <Filter>External\PugiXml</Filter>
    </ClInclude>
    <ClInclude Include="Source\Queue.h">
      <Filter>Utils</Filter>
    </ClInclude>
    <ClInclude Include="Source\Player.h">
      <Filter>Entities\Player</Filter>
    </ClInclude>
    <ClInclude Include="Source\Module.h">
      <Filter>Core</Filter>
    </ClInclude>
    <ClInclude Include="Source\App.h">
      <Filter>Core</Filter>
    </ClInclude>
    <ClInclude Include="Source\LogoScene.h">
      <Filter>Scenes</Filter>
    </ClInclude>
    <ClInclude Include="Source\FadeToBlack.h">
      <Filter>Scenes</Filter>
    </ClInclude>
    <ClInclude Include="Source\Scene.h">
      <Filter>Scenes</Filter>
    </ClInclude>
    <ClInclude Include="Source\Audio.h">
      <Filter>Modules</Filter>
    </ClInclude>
    <ClInclude Include="Source\Entity.h">
      <Filter>Modules</Filter>
    </ClInclude>
    <ClInclude Include="Source\EntityManager.h">
      <Filter>Modules</Filter>
    </ClInclude>
    <ClInclude Include="Source\Input.h">
      <Filter>Modules</Filter>
    </ClInclude>
    <ClInclude Include="Source\Map.h">
      <Filter>Modules</Filter>
    </ClInclude>
    <ClInclude Include="Source\Physics.h">
      <Filter>Modules</Filter>
    </ClInclude>
    <ClInclude Include="Source\Render.h">
      <Filter>Modules</Filter>
    </ClInclude>
    <ClInclude Include="Source\Textures.h">
      <Filter>Modules</Filter>
    </ClInclude>
    <ClInclude Include="Source\Window.h">
      <Filter>Modules</Filter>
    </ClInclude>
    <ClInclude Include="Source\Item.h">
      <Filter>Entities\Pickups</Filter>
    </ClInclude>
    <ClInclude Include="Source\Animation.h">
      <Filter>Containers</Filter>
    </ClInclude>
    <ClInclude Include="Source\Pathfinding.h">
      <Filter>Modules</Filter>
    </ClInclude>
    <ClInclude Include="Source\TitleScene.h">
      <Filter>Scenes</Filter>
    </ClInclude>
    <ClInclude Include="Source\Bullet.h">
      <Filter>Entities\Player</Filter>
    </ClInclude>
    <ClInclude Include="Source\EnemyAir.h">
      <Filter>Entities\Enemies</Filter>
    </ClInclude>
    <ClInclude Include="Source\EnemyFloor.h">
      <Filter>Entities\Enemies</Filter>
    </ClInclude>
  </ItemGroup>
  <ItemGroup>
    <Filter Include="External">
      <UniqueIdentifier>{83a966c7-b4bb-4eff-9c2c-3ff3c7b55a60}</UniqueIdentifier>
    </Filter>
    <Filter Include="Utils">
      <UniqueIdentifier>{2cad778a-d356-48b0-9fee-587f1bbb187e}</UniqueIdentifier>
    </Filter>
    <Filter Include="External\PugiXml">
      <UniqueIdentifier>{2855ff7f-53a1-413d-a75b-18b4ade921dd}</UniqueIdentifier>
    </Filter>
    <Filter Include="Entities">
      <UniqueIdentifier>{870c54dc-2399-4788-acb1-f2b6f62df99f}</UniqueIdentifier>
    </Filter>
    <Filter Include="Entities\Player">
      <UniqueIdentifier>{983c3060-15b6-48c1-8aca-d68ffedd422b}</UniqueIdentifier>
    </Filter>
    <Filter Include="Entities\Enemies">
      <UniqueIdentifier>{2666af08-1b68-4f98-b877-f70b506e87fa}</UniqueIdentifier>
    </Filter>
    <Filter Include="Entities\Pickups">
      <UniqueIdentifier>{56f6d8df-3594-413f-af98-dba63911b46a}</UniqueIdentifier>
    </Filter>
    <Filter Include="Core">
      <UniqueIdentifier>{f69e084e-7014-4bbe-9d5f-77ef2fffc8f3}</UniqueIdentifier>
    </Filter>
    <Filter Include="Scenes">
      <UniqueIdentifier>{63bfae32-8713-4b2c-adfe-fe3acb85667f}</UniqueIdentifier>
    </Filter>
    <Filter Include="Modules">
      <UniqueIdentifier>{ff154cf5-3b32-493d-a580-003f0b6be197}</UniqueIdentifier>
    </Filter>
    <Filter Include="Containers">
      <UniqueIdentifier>{f72b6d56-27e9-4f7e-b5b3-8510fa5561c0}</UniqueIdentifier>
    </Filter>
  </ItemGroup>
</Project>