<?xml version="1.0" encoding="utf-8"?>
<Project ToolsVersion="4.0" xmlns="http://schemas.microsoft.com/developer/msbuild/2003">
  <ItemGroup>
    <ClCompile Include="Source\Log.cpp">
      <Filter>Utils</Filter>
    </ClCompile>
    <ClCompile Include="Source\External\PugiXml\src\pugixml.cpp">
      <Filter>External\PugiXml</Filter>
    </ClCompile>
    <ClCompile Include="Source\App.cpp">
      <Filter>Core</Filter>
    </ClCompile>
    <ClCompile Include="Source\Audio.cpp">
      <Filter>Modules</Filter>
    </ClCompile>
    <ClCompile Include="Source\EntityManager.cpp">
      <Filter>Modules</Filter>
    </ClCompile>
    <ClCompile Include="Source\FadeToBlack.cpp">
      <Filter>Modules</Filter>
    </ClCompile>
    <ClCompile Include="Source\Input.cpp">
      <Filter>Modules</Filter>
    </ClCompile>
    <ClCompile Include="Source\Main.cpp">
      <Filter>Modules</Filter>
    </ClCompile>
    <ClCompile Include="Source\Map.cpp">
      <Filter>Modules</Filter>
    </ClCompile>
    <ClCompile Include="Source\Pathfinding.cpp">
      <Filter>Modules</Filter>
    </ClCompile>
    <ClCompile Include="Source\Physics.cpp">
      <Filter>Modules</Filter>
    </ClCompile>
    <ClCompile Include="Source\Render.cpp">
      <Filter>Modules</Filter>
    </ClCompile>
    <ClCompile Include="Source\Textures.cpp">
      <Filter>Modules</Filter>
    </ClCompile>
    <ClCompile Include="Source\Window.cpp">
      <Filter>Modules</Filter>
    </ClCompile>
    <ClCompile Include="Source\TitleScene.cpp">
      <Filter>Scenes</Filter>
    </ClCompile>
    <ClCompile Include="Source\LogoScene.cpp">
      <Filter>Scenes</Filter>
    </ClCompile>
    <ClCompile Include="Source\Scene.cpp">
      <Filter>Scenes</Filter>
    </ClCompile>
    <ClCompile Include="Source\Player.cpp">
      <Filter>Entitys\Player</Filter>
    </ClCompile>
    <ClCompile Include="Source\Item.cpp">
      <Filter>Entitys\Item</Filter>
    </ClCompile>
    <ClCompile Include="Source\EnemyAir.cpp">
      <Filter>Entitys\Enemy</Filter>
    </ClCompile>
    <ClCompile Include="Source\EnemyFloor.cpp">
      <Filter>Entitys\Enemy</Filter>
    </ClCompile>
  </ItemGroup>
  <ItemGroup>
    <ClInclude Include="Source\Defs.h">
      <Filter>Utils</Filter>
    </ClInclude>
    <ClInclude Include="Source\DynArray.h">
      <Filter>Utils</Filter>
    </ClInclude>
    <ClInclude Include="Source\List.h">
      <Filter>Utils</Filter>
    </ClInclude>
    <ClInclude Include="Source\Log.h">
      <Filter>Utils</Filter>
    </ClInclude>
    <ClInclude Include="Source\Point.h">
      <Filter>Utils</Filter>
    </ClInclude>
    <ClInclude Include="Source\SString.h">
      <Filter>Utils</Filter>
    </ClInclude>
    <ClInclude Include="Source\External\PugiXml\src\pugiconfig.hpp">
      <Filter>External\PugiXml</Filter>
    </ClInclude>
    <ClInclude Include="Source\External\PugiXml\src\pugixml.hpp">
      <Filter>External\PugiXml</Filter>
    </ClInclude>
    <ClInclude Include="Source\Queue.h">
      <Filter>Utils</Filter>
    </ClInclude>
    <ClInclude Include="Source\App.h">
      <Filter>Core</Filter>
    </ClInclude>
    <ClInclude Include="Source\Animation.h">
      <Filter>Container</Filter>
    </ClInclude>
    <ClInclude Include="Source\Audio.h">
      <Filter>Modules</Filter>
    </ClInclude>
    <ClInclude Include="Source\Entity.h">
      <Filter>Modules</Filter>
    </ClInclude>
    <ClInclude Include="Source\EntityManager.h">
      <Filter>Modules</Filter>
    </ClInclude>
    <ClInclude Include="Source\FadeToBlack.h">
      <Filter>Modules</Filter>
    </ClInclude>
    <ClInclude Include="Source\Input.h">
      <Filter>Modules</Filter>
    </ClInclude>
    <ClInclude Include="Source\Map.h">
      <Filter>Modules</Filter>
    </ClInclude>
    <ClInclude Include="Source\Module.h">
      <Filter>Modules</Filter>
    </ClInclude>
    <ClInclude Include="Source\Pathfinding.h">
      <Filter>Modules</Filter>
    </ClInclude>
    <ClInclude Include="Source\Physics.h">
      <Filter>Modules</Filter>
    </ClInclude>
    <ClInclude Include="Source\Render.h">
      <Filter>Modules</Filter>
    </ClInclude>
    <ClInclude Include="Source\Textures.h">
      <Filter>Modules</Filter>
    </ClInclude>
    <ClInclude Include="Source\Window.h">
      <Filter>Modules</Filter>
    </ClInclude>
    <ClInclude Include="Source\TitleScene.h">
      <Filter>Scenes</Filter>
    </ClInclude>
    <ClInclude Include="Source\LogoScene.h">
      <Filter>Scenes</Filter>
    </ClInclude>
    <ClInclude Include="Source\Scene.h">
      <Filter>Scenes</Filter>
    </ClInclude>
    <ClInclude Include="Source\Player.h">
      <Filter>Entitys\Player</Filter>
    </ClInclude>
    <ClInclude Include="Source\Item.h">
      <Filter>Entitys\Item</Filter>
    </ClInclude>
    <ClInclude Include="Source\PQueue.h">
      <Filter>Utils</Filter>
    </ClInclude>
    <ClInclude Include="Source\EnemyAir.h">
      <Filter>Entitys\Enemy</Filter>
    </ClInclude>
    <ClInclude Include="Source\EnemyFloor.h">
      <Filter>Entitys\Enemy</Filter>
    </ClInclude>
  </ItemGroup>
  <ItemGroup>
    <Filter Include="External">
      <UniqueIdentifier>{83a966c7-b4bb-4eff-9c2c-3ff3c7b55a60}</UniqueIdentifier>
    </Filter>
    <Filter Include="Utils">
      <UniqueIdentifier>{2cad778a-d356-48b0-9fee-587f1bbb187e}</UniqueIdentifier>
    </Filter>
    <Filter Include="External\PugiXml">
      <UniqueIdentifier>{2855ff7f-53a1-413d-a75b-18b4ade921dd}</UniqueIdentifier>
    </Filter>
    <Filter Include="Core">
      <UniqueIdentifier>{8737792d-eca7-4093-b66a-a0b1b1aa80e2}</UniqueIdentifier>
    </Filter>
    <Filter Include="Entitys">
      <UniqueIdentifier>{eaaf3a56-a5a9-431f-9771-4dc7d30aec08}</UniqueIdentifier>
    </Filter>
    <Filter Include="Modules">
      <UniqueIdentifier>{679ef404-d6e5-494a-a7e6-7ae6fc74ff66}</UniqueIdentifier>
    </Filter>
    <Filter Include="Container">
      <UniqueIdentifier>{5129debe-e063-40f3-afd8-776c52a963ac}</UniqueIdentifier>
    </Filter>
    <Filter Include="Scenes">
      <UniqueIdentifier>{17e33e4c-c91c-4ce3-bc3b-dba59a75e215}</UniqueIdentifier>
    </Filter>
    <Filter Include="Entitys\Player">
      <UniqueIdentifier>{136adb73-3630-4391-93f6-c3bbd05069f7}</UniqueIdentifier>
    </Filter>
    <Filter Include="Entitys\Enemy">
      <UniqueIdentifier>{3338284d-ef1f-418f-b11b-fdf1e834cd42}</UniqueIdentifier>
    </Filter>
    <Filter Include="Entitys\Item">
      <UniqueIdentifier>{c516a1ba-03c0-4371-8682-5876cd6cfccd}</UniqueIdentifier>
    </Filter>
  </ItemGroup>
</Project>