<?xml version="1.0" encoding="utf-8"?>
<Project ToolsVersion="4.0" xmlns="http://schemas.microsoft.com/developer/msbuild/2003">
  <ItemGroup>
    <ClCompile Include="j1Window.cpp">
      <Filter>Desenvolupament  ========\Modules</Filter>
    </ClCompile>
    <ClCompile Include="j1Audio.cpp">
      <Filter>Desenvolupament  ========\Modules</Filter>
    </ClCompile>
    <ClCompile Include="j1App.cpp">
      <Filter>Desenvolupament  ========</Filter>
    </ClCompile>
    <ClCompile Include="j1Input.cpp">
      <Filter>Desenvolupament  ========\Modules</Filter>
    </ClCompile>
    <ClCompile Include="j1Main.cpp">
      <Filter>Desenvolupament  ========</Filter>
    </ClCompile>
    <ClCompile Include="j1Render.cpp">
      <Filter>Desenvolupament  ========\Modules</Filter>
    </ClCompile>
    <ClCompile Include="j1Textures.cpp">
      <Filter>Desenvolupament  ========\Modules</Filter>
    </ClCompile>
    <ClCompile Include="p2Log.cpp">
      <Filter>Programacio 2 ===========</Filter>
    </ClCompile>
    <ClCompile Include="j1Scene.cpp">
      <Filter>Desenvolupament  ========\Scenes</Filter>
    </ClCompile>
    <ClCompile Include="PugiXml\src\pugixml.cpp">
      <Filter>Desenvolupament  ========\Tools\PuguiXML</Filter>
    </ClCompile>
    <ClCompile Include="j1Map.cpp">
      <Filter>Desenvolupament  ========\Modules</Filter>
    </ClCompile>
    <ClCompile Include="j1Collisions.cpp">
      <Filter>Desenvolupament  ========\Modules</Filter>
    </ClCompile>
    <ClCompile Include="j1FadeToBlack.cpp">
      <Filter>Desenvolupament  ========\Modules</Filter>
    </ClCompile>
    <ClCompile Include="j1PerfTimer.cpp">
      <Filter>Desenvolupament  ========\Tools</Filter>
    </ClCompile>
    <ClCompile Include="j1Timer.cpp">
      <Filter>Desenvolupament  ========\Tools</Filter>
    </ClCompile>
    <ClCompile Include="j1Pathfinding.cpp">
      <Filter>Desenvolupament  ========\Modules</Filter>
    </ClCompile>
    <ClCompile Include="j1Flying_Enemy.cpp">
      <Filter>Desenvolupament  ========\Modules\Entities\Enemies</Filter>
    </ClCompile>
    <ClCompile Include="j1Entity.cpp">
      <Filter>Desenvolupament  ========\Modules\Entity Management</Filter>
    </ClCompile>
    <ClCompile Include="j1EntityMachine.cpp">
      <Filter>Desenvolupament  ========\Modules\Entity Management</Filter>
    </ClCompile>
    <ClCompile Include="j1Player.cpp">
      <Filter>Desenvolupament  ========\Modules\Entities\Player</Filter>
    </ClCompile>
    <ClCompile Include="j1Ground_Enemy.cpp">
      <Filter>Desenvolupament  ========\Modules\Entities\Enemies</Filter>
    </ClCompile>
    <ClCompile Include="j1Gui.cpp">
      <Filter>Desenvolupament  ========\Modules\UI</Filter>
    </ClCompile>
    <ClCompile Include="j1UI.cpp">
      <Filter>Desenvolupament  ========\Modules\UI</Filter>
    </ClCompile>
    <ClCompile Include="UI_Button.cpp">
      <Filter>Desenvolupament  ========\Modules\UI\Ui_Elements</Filter>
    </ClCompile>
    <ClCompile Include="UI_Image.cpp">
      <Filter>Desenvolupament  ========\Modules\UI\Ui_Elements</Filter>
    </ClCompile>
    <ClCompile Include="UI_Text.cpp">
      <Filter>Desenvolupament  ========\Modules\UI\Ui_Elements</Filter>
    </ClCompile>
    <ClCompile Include="j1Fonts.cpp">
      <Filter>Desenvolupament  ========\Modules</Filter>
    </ClCompile>
    <ClCompile Include="j1Gui.cpp">
      <Filter>Desenvolupament  ========\Modules\UI</Filter>
    </ClCompile>
    <ClCompile Include="j1UI.cpp">
      <Filter>Desenvolupament  ========\Modules\UI</Filter>
    </ClCompile>
    <ClCompile Include="UI_Button.cpp">
      <Filter>Desenvolupament  ========\Modules\UI\UI Elements</Filter>
    </ClCompile>
    <ClCompile Include="UI_Image.cpp">
      <Filter>Desenvolupament  ========\Modules\UI\UI Elements</Filter>
    </ClCompile>
    <ClCompile Include="UI_Text.cpp">
      <Filter>Desenvolupament  ========\Modules\UI\UI Elements</Filter>
    </ClCompile>
    <ClCompile Include="j1MainMenu.cpp">
      <Filter>Desenvolupament  ========\Scenes</Filter>
    </ClCompile>
    <ClCompile Include="UI_Window.cpp">
      <Filter>Desenvolupament  ========\Modules\UI\Ui_Elements</Filter>
    </ClCompile>
    <ClCompile Include="j1Coin.cpp">
      <Filter>Desenvolupament  ========\Modules\Entities\Enemies</Filter>
    </ClCompile>
    <ClCompile Include="UI_Console.cpp">
      <Filter>Desenvolupament  ========\Modules\UI\Ui_Elements</Filter>
    </ClCompile>
    <ClCompile Include="UI_Slider.cpp">
      <Filter>Desenvolupament  ========\Modules\UI\Ui_Elements</Filter>
    </ClCompile>
  </ItemGroup>
  <ItemGroup>
    <ClInclude Include="j1Window.h">
      <Filter>Desenvolupament  ========\Modules</Filter>
    </ClInclude>
    <ClInclude Include="j1Audio.h">
      <Filter>Desenvolupament  ========\Modules</Filter>
    </ClInclude>
    <ClInclude Include="j1App.h">
      <Filter>Desenvolupament  ========</Filter>
    </ClInclude>
    <ClInclude Include="j1Input.h">
      <Filter>Desenvolupament  ========\Modules</Filter>
    </ClInclude>
    <ClInclude Include="j1Module.h">
      <Filter>Desenvolupament  ========</Filter>
    </ClInclude>
    <ClInclude Include="j1Render.h">
      <Filter>Desenvolupament  ========\Modules</Filter>
    </ClInclude>
    <ClInclude Include="j1Textures.h">
      <Filter>Desenvolupament  ========\Modules</Filter>
    </ClInclude>
    <ClInclude Include="p2Defs.h">
      <Filter>Programacio 2 ===========</Filter>
    </ClInclude>
    <ClInclude Include="p2List.h">
      <Filter>Programacio 2 ===========</Filter>
    </ClInclude>
    <ClInclude Include="p2Log.h">
      <Filter>Programacio 2 ===========</Filter>
    </ClInclude>
    <ClInclude Include="p2SString.h">
      <Filter>Programacio 2 ===========</Filter>
    </ClInclude>
    <ClInclude Include="p2Point.h">
      <Filter>Programacio 2 ===========</Filter>
    </ClInclude>
    <ClInclude Include="p2DynArray.h">
      <Filter>Programacio 2 ===========</Filter>
    </ClInclude>
    <ClInclude Include="j1Scene.h">
      <Filter>Desenvolupament  ========\Scenes</Filter>
    </ClInclude>
    <ClInclude Include="PugiXml\src\pugiconfig.hpp">
      <Filter>Desenvolupament  ========\Tools\PuguiXML</Filter>
    </ClInclude>
    <ClInclude Include="PugiXml\src\pugixml.hpp">
      <Filter>Desenvolupament  ========\Tools\PuguiXML</Filter>
    </ClInclude>
    <ClInclude Include="j1Map.h">
      <Filter>Desenvolupament  ========\Modules</Filter>
    </ClInclude>
    <ClInclude Include="j1Collisions.h">
      <Filter>Desenvolupament  ========\Modules</Filter>
    </ClInclude>
    <ClInclude Include="p2Animation.h">
      <Filter>Programacio 2 ===========</Filter>
    </ClInclude>
    <ClInclude Include="j1FadeToBlack.h">
      <Filter>Desenvolupament  ========\Modules</Filter>
    </ClInclude>
    <ClInclude Include="j1PerfTimer.h">
      <Filter>Desenvolupament  ========\Tools</Filter>
    </ClInclude>
    <ClInclude Include="j1Timer.h">
      <Filter>Desenvolupament  ========\Tools</Filter>
    </ClInclude>
    <ClInclude Include="j1Pathfinding.h">
      <Filter>Desenvolupament  ========\Modules</Filter>
    </ClInclude>
    <ClInclude Include="j1Flying_Enemy.h">
      <Filter>Desenvolupament  ========\Modules\Entities\Enemies</Filter>
    </ClInclude>
    <ClInclude Include="j1EntityMachine.h">
      <Filter>Desenvolupament  ========\Modules\Entity Management</Filter>
    </ClInclude>
    <ClInclude Include="j1Entity.h">
      <Filter>Desenvolupament  ========\Modules\Entity Management</Filter>
    </ClInclude>
    <ClInclude Include="j1Player.h">
      <Filter>Desenvolupament  ========\Modules\Entities\Player</Filter>
    </ClInclude>
    <ClInclude Include="j1Ground_Enemy.h">
      <Filter>Desenvolupament  ========\Modules\Entities\Enemies</Filter>
    </ClInclude>
    <ClInclude Include="j1Gui.h">
      <Filter>Desenvolupament  ========\Modules\UI</Filter>
    </ClInclude>
    <ClInclude Include="j1UI.h">
      <Filter>Desenvolupament  ========\Modules\UI</Filter>
    </ClInclude>
    <ClInclude Include="UI_Button.h">
      <Filter>Desenvolupament  ========\Modules\UI\Ui_Elements</Filter>
    </ClInclude>
    <ClInclude Include="UI_Image.h">
      <Filter>Desenvolupament  ========\Modules\UI\Ui_Elements</Filter>
    </ClInclude>
    <ClInclude Include="UI_Text.h">
      <Filter>Desenvolupament  ========\Modules\UI\Ui_Elements</Filter>
    </ClInclude>
    <ClInclude Include="j1Fonts.h">
      <Filter>Desenvolupament  ========\Modules</Filter>
    </ClInclude>
    <ClInclude Include="j1Gui.h">
      <Filter>Desenvolupament  ========\Modules\UI</Filter>
    </ClInclude>
    <ClInclude Include="j1UI.h">
      <Filter>Desenvolupament  ========\Modules\UI</Filter>
    </ClInclude>
    <ClInclude Include="UI_Button.h">
      <Filter>Desenvolupament  ========\Modules\UI\UI Elements</Filter>
    </ClInclude>
    <ClInclude Include="UI_Image.h">
      <Filter>Desenvolupament  ========\Modules\UI\UI Elements</Filter>
    </ClInclude>
    <ClInclude Include="UI_Text.h">
      <Filter>Desenvolupament  ========\Modules\UI\UI Elements</Filter>
    </ClInclude>
    <ClInclude Include="j1MainMenu.h">
      <Filter>Desenvolupament  ========\Scenes</Filter>
    </ClInclude>
    <ClInclude Include="UI_Window.h">
      <Filter>Desenvolupament  ========\Modules\UI\Ui_Elements</Filter>
    </ClInclude>
    <ClInclude Include="j1Coin.h">
      <Filter>Desenvolupament  ========\Modules\Entities\Enemies</Filter>
    </ClInclude>
    <ClInclude Include="UI_Console.h">
      <Filter>Desenvolupament  ========\Modules\UI\Ui_Elements</Filter>
    </ClInclude>
    <ClInclude Include="UI_Slider.h">
      <Filter>Desenvolupament  ========\Modules\UI\Ui_Elements</Filter>
    </ClInclude>
  </ItemGroup>
  <ItemGroup>
    <Filter Include="Programacio 2 ===========">
      <UniqueIdentifier>{a8bfab6a-5472-4969-943e-861a8b493f08}</UniqueIdentifier>
    </Filter>
    <Filter Include="Desenvolupament  ========">
      <UniqueIdentifier>{cb944693-b9d0-484c-bad2-02d5a7cdbec6}</UniqueIdentifier>
    </Filter>
    <Filter Include="Desenvolupament  ========\Tools">
      <UniqueIdentifier>{42c748be-4a37-49de-970f-5be811d06b38}</UniqueIdentifier>
    </Filter>
    <Filter Include="Desenvolupament  ========\Scenes">
      <UniqueIdentifier>{e07660eb-d36f-4cc9-af59-324d31c2f2f6}</UniqueIdentifier>
    </Filter>
    <Filter Include="Desenvolupament  ========\Modules">
      <UniqueIdentifier>{244722d1-90ce-423d-8e7a-556211865a32}</UniqueIdentifier>
    </Filter>
    <Filter Include="Desenvolupament  ========\Tools\PuguiXML">
      <UniqueIdentifier>{7cb78d67-17cc-45eb-af97-e2106becce7b}</UniqueIdentifier>
    </Filter>
    <Filter Include="Desenvolupament  ========\Modules\Entity Management">
      <UniqueIdentifier>{f770eb80-f631-4871-bfe1-e41abb768b64}</UniqueIdentifier>
    </Filter>
    <Filter Include="Desenvolupament  ========\Modules\UI">
      <UniqueIdentifier>{57907ded-1631-412c-bda6-5248033ba874}</UniqueIdentifier>
    </Filter>
    <Filter Include="Desenvolupament  ========\Modules\Entities">
      <UniqueIdentifier>{27b91c68-0292-4a76-ad9e-105930ad50d0}</UniqueIdentifier>
    </Filter>
    <Filter Include="Desenvolupament  ========\Modules\Entities\Player">
      <UniqueIdentifier>{34eacf6d-c576-4024-9681-951ed37fda10}</UniqueIdentifier>
    </Filter>
    <Filter Include="Desenvolupament  ========\Modules\Entities\Enemies">
      <UniqueIdentifier>{aa4e51aa-9147-4543-89cb-ee80d6857748}</UniqueIdentifier>
    </Filter>
    <Filter Include="Desenvolupament  ========\Modules\UI\Ui_Elements">
      <UniqueIdentifier>{600e90c2-56b1-4d23-b6d7-6505e9e8b1fb}</UniqueIdentifier>
    </Filter>
  </ItemGroup>
</Project>